<?xml version="1.0" encoding="utf-8"?>
<Project ToolsVersion="4.0" xmlns="http://schemas.microsoft.com/developer/msbuild/2003">
  <ItemGroup>
    <Filter Include="Source Files">
      <UniqueIdentifier>{4FC737F1-C7A5-4376-A066-2A32D752A2FF}</UniqueIdentifier>
      <Extensions>cpp;c;cc;cxx;c++;cppm;ixx;def;odl;idl;hpj;bat;asm;asmx</Extensions>
    </Filter>
    <Filter Include="Header Files">
      <UniqueIdentifier>{93995380-89BD-4b04-88EB-625FBE52EBFB}</UniqueIdentifier>
      <Extensions>h;hh;hpp;hxx;h++;hm;inl;inc;ipp;xsd</Extensions>
    </Filter>
    <Filter Include="Resource Files">
      <UniqueIdentifier>{67DA6AB6-F800-4c08-8B7A-83BB121AAD01}</UniqueIdentifier>
      <Extensions>rc;ico;cur;bmp;dlg;rc2;rct;bin;rgs;gif;jpg;jpeg;jpe;resx;tiff;tif;png;wav;mfcribbon-ms</Extensions>
    </Filter>
    <Filter Include="Source Files\Window">
      <UniqueIdentifier>{5ef4a83e-2c47-431b-90f6-015a4b05841f}</UniqueIdentifier>
    </Filter>
    <Filter Include="Source Files\Flags">
      <UniqueIdentifier>{b589b55a-7aed-4317-b8a5-40e39aa955db}</UniqueIdentifier>
    </Filter>
    <Filter Include="Source Files\Logging">
      <UniqueIdentifier>{1683314c-2881-4c4b-9b1f-e50b82070ff5}</UniqueIdentifier>
    </Filter>
    <Filter Include="Source Files\App">
      <UniqueIdentifier>{d8f98638-0555-45ea-80b8-90065ac758bb}</UniqueIdentifier>
    </Filter>
    <Filter Include="Source Files\EventSystem">
      <UniqueIdentifier>{d9ee5684-5298-4792-ba75-bf74afd5e8e0}</UniqueIdentifier>
    </Filter>
    <Filter Include="Source Files\EventSystem\App">
      <UniqueIdentifier>{cc893059-aa32-440d-8f01-27ca47cf269b}</UniqueIdentifier>
    </Filter>
    <Filter Include="Source Files\EventSystem\Keyboard">
      <UniqueIdentifier>{4a59ae27-9681-4a3d-a278-04a8335642a9}</UniqueIdentifier>
    </Filter>
    <Filter Include="Source Files\EventSystem\Mouse">
      <UniqueIdentifier>{c4e6dfa8-6e6e-4a04-8e9f-1cd896345030}</UniqueIdentifier>
    </Filter>
  </ItemGroup>
  <ItemGroup>
    <None Include="cpp.hint" />
  </ItemGroup>
  <ItemGroup>
    <ClCompile Include="Hypa.cpp">
      <Filter>Source Files</Filter>
    </ClCompile>
    <ClCompile Include="Window.cpp">
      <Filter>Source Files\Window</Filter>
    </ClCompile>
    <ClCompile Include="Flags.cpp">
      <Filter>Source Files\Flags</Filter>
    </ClCompile>
    <ClCompile Include="Logging.cpp">
      <Filter>Source Files\Logging</Filter>
    </ClCompile>
    <ClCompile Include="App.cpp">
      <Filter>Source Files\App</Filter>
    </ClCompile>
    <ClCompile Include="EventSystem.cpp">
      <Filter>Source Files\EventSystem</Filter>
    </ClCompile>
  </ItemGroup>
  <ItemGroup>
    <ClInclude Include="base.h">
      <Filter>Source Files</Filter>
    </ClInclude>
    <ClInclude Include="Window.h">
      <Filter>Source Files\Window</Filter>
    </ClInclude>
    <ClInclude Include="Flags.h">
      <Filter>Source Files\Flags</Filter>
    </ClInclude>
    <ClInclude Include="Logging.h">
      <Filter>Source Files\Logging</Filter>
    </ClInclude>
    <ClInclude Include="App.h">
      <Filter>Source Files\App</Filter>
    </ClInclude>
    <ClInclude Include="EventSystem.h">
      <Filter>Source Files\EventSystem</Filter>
    </ClInclude>
    <ClInclude Include="AppEvent.h">
      <Filter>Source Files\EventSystem\App</Filter>
    </ClInclude>
    <ClInclude Include="KeyboardEvent.h">
      <Filter>Source Files\EventSystem\Keyboard</Filter>
    </ClInclude>
    <ClInclude Include="KeyCodes.h">
      <Filter>Source Files\EventSystem\Keyboard</Filter>
    </ClInclude>
    <ClInclude Include="MouseEvents.h">
      <Filter>Source Files\EventSystem\Mouse</Filter>
    </ClInclude>
    <ClInclude Include="MouseCodes.h">
      <Filter>Source Files\EventSystem\Mouse</Filter>
    </ClInclude>
  </ItemGroup>
</Project>